
Microsoft Visual Studio Solution File, Format Version 12.00
# Visual Studio 15
VisualStudioVersion = 15.0.27703.2018
MinimumVisualStudioVersion = 10.0.40219.1
Project("{FAE04EC0-301F-11D3-BF4B-00C04F79EFBC}") = "ConsoleUI", "ConsoleUI.csproj", "{00BA009B-19E3-4CF7-92C6-511C0B7EDEBB}"
EndProject
Project("{FAE04EC0-301F-11D3-BF4B-00C04F79EFBC}") = "DemoLibrary", "..\DemoLibrary\DemoLibrary.csproj", "{8AE054F0-B8B6-478B-B31A-F83ED2A6A6CE}"
EndProject
Global
	GlobalSection(SolutionConfigurationPlatforms) = preSolution
		Debug|Any CPU = Debug|Any CPU
		Release|Any CPU = Release|Any CPU
	EndGlobalSection
	GlobalSection(ProjectConfigurationPlatforms) = postSolution
		{00BA009B-19E3-4CF7-92C6-511C0B7EDEBB}.Debug|Any CPU.ActiveCfg = Debug|Any CPU
		{00BA009B-19E3-4CF7-92C6-511C0B7EDEBB}.Debug|Any CPU.Build.0 = Debug|Any CPU
		{00BA009B-19E3-4CF7-92C6-511C0B7EDEBB}.Release|Any CPU.ActiveCfg = Release|Any CPU
		{00BA009B-19E3-4CF7-92C6-511C0B7EDEBB}.Release|Any CPU.Build.0 = Release|Any CPU
		{8AE054F0-B8B6-478B-B31A-F83ED2A6A6CE}.Debug|Any CPU.ActiveCfg = Debug|Any CPU
		{8AE054F0-B8B6-478B-B31A-F83ED2A6A6CE}.Debug|Any CPU.Build.0 = Debug|Any CPU
		{8AE054F0-B8B6-478B-B31A-F83ED2A6A6CE}.Release|Any CPU.ActiveCfg = Release|Any CPU
		{8AE054F0-B8B6-478B-B31A-F83ED2A6A6CE}.Release|Any CPU.Build.0 = Release|Any CPU
	EndGlobalSection
	GlobalSection(SolutionProperties) = preSolution
		HideSolutionNode = FALSE
	EndGlobalSection
	GlobalSection(ExtensibilityGlobals) = postSolution
		SolutionGuid = {786CE975-DFA1-47D3-B1ED-45E7DF4D71BB}
	EndGlobalSection
EndGlobal
